// !$*UTF8*$!
{
	archiveVersion = 1;
	classes = {
	};
	objectVersion = 55;
	objects = {

/* Begin PBXBuildFile section */
		DD2A9AC12844C4B1008E900C /* APIManager.swift in Sources */ = {isa = PBXBuildFile; fileRef = DD2A9AC02844C4B1008E900C /* APIManager.swift */; };
		DD2A9AC42844C58A008E900C /* Alamofire in Frameworks */ = {isa = PBXBuildFile; productRef = DD2A9AC32844C58A008E900C /* Alamofire */; };
		DDB3C322284420D3002341DF /* Constant.swift in Sources */ = {isa = PBXBuildFile; fileRef = DDB3C321284420D3002341DF /* Constant.swift */; };
		DDB3C32528442214002341DF /* RegisterModel.swift in Sources */ = {isa = PBXBuildFile; fileRef = DDB3C32428442214002341DF /* RegisterModel.swift */; };
		DDBCB8DF282FEC7C00943269 /* SignUpViewController.swift in Sources */ = {isa = PBXBuildFile; fileRef = DDBCB8DE282FEC7C00943269 /* SignUpViewController.swift */; };
		DDBCB8E1282FEC9100943269 /* LoginViewController.swift in Sources */ = {isa = PBXBuildFile; fileRef = DDBCB8E0282FEC9100943269 /* LoginViewController.swift */; };
		DDBCB8E3282FECBD00943269 /* HomeViewController.swift in Sources */ = {isa = PBXBuildFile; fileRef = DDBCB8E2282FECBD00943269 /* HomeViewController.swift */; };
		DDDFD32828301CFF0019B142 /* Utilities.swift in Sources */ = {isa = PBXBuildFile; fileRef = DDDFD32728301CFF0019B142 /* Utilities.swift */; };
		DDE760812844EE89008EDF0A /* ServerModel.swift in Sources */ = {isa = PBXBuildFile; fileRef = DDE760802844EE89008EDF0A /* ServerModel.swift */; };
		DDE760832844EF31008EDF0A /* ProjectModel.swift in Sources */ = {isa = PBXBuildFile; fileRef = DDE760822844EF31008EDF0A /* ProjectModel.swift */; };
		DDE7608528450C91008EDF0A /* Assets.xcassets in Resources */ = {isa = PBXBuildFile; fileRef = DDE94C31281835DF0008E584 /* Assets.xcassets */; };
		DDE94C29281835DB0008E584 /* AppDelegate.swift in Sources */ = {isa = PBXBuildFile; fileRef = DDE94C28281835DB0008E584 /* AppDelegate.swift */; };
		DDE94C2B281835DB0008E584 /* SceneDelegate.swift in Sources */ = {isa = PBXBuildFile; fileRef = DDE94C2A281835DB0008E584 /* SceneDelegate.swift */; };
		DDE94C2D281835DB0008E584 /* ViewController.swift in Sources */ = {isa = PBXBuildFile; fileRef = DDE94C2C281835DB0008E584 /* ViewController.swift */; };
		DDE94C30281835DB0008E584 /* Main.storyboard in Resources */ = {isa = PBXBuildFile; fileRef = DDE94C2E281835DB0008E584 /* Main.storyboard */; };
		DDE94C35281835DF0008E584 /* LaunchScreen.storyboard in Resources */ = {isa = PBXBuildFile; fileRef = DDE94C33281835DF0008E584 /* LaunchScreen.storyboard */; };
/* End PBXBuildFile section */

/* Begin PBXFileReference section */
		DD2A9AC02844C4B1008E900C /* APIManager.swift */ = {isa = PBXFileReference; lastKnownFileType = sourcecode.swift; path = APIManager.swift; sourceTree = "<group>"; };
		DDB3C321284420D3002341DF /* Constant.swift */ = {isa = PBXFileReference; lastKnownFileType = sourcecode.swift; path = Constant.swift; sourceTree = "<group>"; };
		DDB3C32428442214002341DF /* RegisterModel.swift */ = {isa = PBXFileReference; lastKnownFileType = sourcecode.swift; path = RegisterModel.swift; sourceTree = "<group>"; };
		DDBCB8DE282FEC7C00943269 /* SignUpViewController.swift */ = {isa = PBXFileReference; lastKnownFileType = sourcecode.swift; path = SignUpViewController.swift; sourceTree = "<group>"; };
		DDBCB8E0282FEC9100943269 /* LoginViewController.swift */ = {isa = PBXFileReference; lastKnownFileType = sourcecode.swift; path = LoginViewController.swift; sourceTree = "<group>"; };
		DDBCB8E2282FECBD00943269 /* HomeViewController.swift */ = {isa = PBXFileReference; lastKnownFileType = sourcecode.swift; path = HomeViewController.swift; sourceTree = "<group>"; };
		DDDFD32728301CFF0019B142 /* Utilities.swift */ = {isa = PBXFileReference; fileEncoding = 4; lastKnownFileType = sourcecode.swift; path = Utilities.swift; sourceTree = "<group>"; };
		DDE760802844EE89008EDF0A /* ServerModel.swift */ = {isa = PBXFileReference; lastKnownFileType = sourcecode.swift; path = ServerModel.swift; sourceTree = "<group>"; };
		DDE760822844EF31008EDF0A /* ProjectModel.swift */ = {isa = PBXFileReference; lastKnownFileType = sourcecode.swift; path = ProjectModel.swift; sourceTree = "<group>"; };
		DDE94C25281835DB0008E584 /* Project-Share-Point.app */ = {isa = PBXFileReference; explicitFileType = wrapper.application; includeInIndex = 0; path = "Project-Share-Point.app"; sourceTree = BUILT_PRODUCTS_DIR; };
		DDE94C28281835DB0008E584 /* AppDelegate.swift */ = {isa = PBXFileReference; lastKnownFileType = sourcecode.swift; path = AppDelegate.swift; sourceTree = "<group>"; };
		DDE94C2A281835DB0008E584 /* SceneDelegate.swift */ = {isa = PBXFileReference; lastKnownFileType = sourcecode.swift; path = SceneDelegate.swift; sourceTree = "<group>"; };
		DDE94C2C281835DB0008E584 /* ViewController.swift */ = {isa = PBXFileReference; lastKnownFileType = sourcecode.swift; path = ViewController.swift; sourceTree = "<group>"; };
		DDE94C2F281835DB0008E584 /* Base */ = {isa = PBXFileReference; lastKnownFileType = file.storyboard; name = Base; path = Base.lproj/Main.storyboard; sourceTree = "<group>"; };
		DDE94C31281835DF0008E584 /* Assets.xcassets */ = {isa = PBXFileReference; lastKnownFileType = folder.assetcatalog; path = Assets.xcassets; sourceTree = "<group>"; };
		DDE94C34281835DF0008E584 /* Base */ = {isa = PBXFileReference; lastKnownFileType = file.storyboard; name = Base; path = Base.lproj/LaunchScreen.storyboard; sourceTree = "<group>"; };
		DDE94C36281835DF0008E584 /* Info.plist */ = {isa = PBXFileReference; lastKnownFileType = text.plist.xml; path = Info.plist; sourceTree = "<group>"; };
/* End PBXFileReference section */

/* Begin PBXFrameworksBuildPhase section */
		DDE94C22281835DB0008E584 /* Frameworks */ = {
			isa = PBXFrameworksBuildPhase;
			buildActionMask = 2147483647;
			files = (
				DD2A9AC42844C58A008E900C /* Alamofire in Frameworks */,
			);
			runOnlyForDeploymentPostprocessing = 0;
		};
/* End PBXFrameworksBuildPhase section */

/* Begin PBXGroup section */
		DDB3C320284420B0002341DF /* Constanats */ = {
			isa = PBXGroup;
			children = (
				DDB3C321284420D3002341DF /* Constant.swift */,
			);
			path = Constanats;
			sourceTree = "<group>";
		};
		DDB3C32328442200002341DF /* Model */ = {
			isa = PBXGroup;
			children = (
				DDB3C32428442214002341DF /* RegisterModel.swift */,
				DDE760822844EF31008EDF0A /* ProjectModel.swift */,
				DD2A9AC02844C4B1008E900C /* APIManager.swift */,
				DDE760802844EE89008EDF0A /* ServerModel.swift */,
			);
			path = Model;
			sourceTree = "<group>";
		};
		DDBCB8E4282FECCF00943269 /* View-Controllers */ = {
			isa = PBXGroup;
			children = (
				DDE94C2C281835DB0008E584 /* ViewController.swift */,
				DDBCB8DE282FEC7C00943269 /* SignUpViewController.swift */,
				DDBCB8E0282FEC9100943269 /* LoginViewController.swift */,
				DDBCB8E2282FECBD00943269 /* HomeViewController.swift */,
			);
			path = "View-Controllers";
			sourceTree = "<group>";
		};
		DDDFD32928301D120019B142 /* Helpers */ = {
			isa = PBXGroup;
			children = (
				DDDFD32728301CFF0019B142 /* Utilities.swift */,
			);
			path = Helpers;
			sourceTree = "<group>";
		};
		DDE760872845126A008EDF0A /* Resources */ = {
			isa = PBXGroup;
			children = (
				DDE94C28281835DB0008E584 /* AppDelegate.swift */,
				DDE94C2A281835DB0008E584 /* SceneDelegate.swift */,
			);
			path = Resources;
			sourceTree = "<group>";
		};
		DDE94C1C281835DB0008E584 = {
			isa = PBXGroup;
			children = (
				DDE94C27281835DB0008E584 /* Project-Share-Point */,
				DDE94C26281835DB0008E584 /* Products */,
			);
			sourceTree = "<group>";
		};
		DDE94C26281835DB0008E584 /* Products */ = {
			isa = PBXGroup;
			children = (
				DDE94C25281835DB0008E584 /* Project-Share-Point.app */,
			);
			name = Products;
			sourceTree = "<group>";
		};
		DDE94C27281835DB0008E584 /* Project-Share-Point */ = {
			isa = PBXGroup;
			children = (
				DDE760872845126A008EDF0A /* Resources */,
				DDB3C32328442200002341DF /* Model */,
				DDB3C320284420B0002341DF /* Constanats */,
				DDDFD32928301D120019B142 /* Helpers */,
				DDBCB8E4282FECCF00943269 /* View-Controllers */,
				DDE94C2E281835DB0008E584 /* Main.storyboard */,
				DDE94C31281835DF0008E584 /* Assets.xcassets */,
				DDE94C33281835DF0008E584 /* LaunchScreen.storyboard */,
				DDE94C36281835DF0008E584 /* Info.plist */,
			);
			path = "Project-Share-Point";
			sourceTree = "<group>";
		};
/* End PBXGroup section */

/* Begin PBXNativeTarget section */
		DDE94C24281835DB0008E584 /* Project-Share-Point */ = {
			isa = PBXNativeTarget;
			buildConfigurationList = DDE94C39281835DF0008E584 /* Build configuration list for PBXNativeTarget "Project-Share-Point" */;
			buildPhases = (
				DDE94C21281835DB0008E584 /* Sources */,
				DDE94C22281835DB0008E584 /* Frameworks */,
				DDE94C23281835DB0008E584 /* Resources */,
			);
			buildRules = (
			);
			dependencies = (
			);
			name = "Project-Share-Point";
			packageProductDependencies = (
				DD2A9AC32844C58A008E900C /* Alamofire */,
			);
			productName = "Project-Share-Point";
			productReference = DDE94C25281835DB0008E584 /* Project-Share-Point.app */;
			productType = "com.apple.product-type.application";
		};
/* End PBXNativeTarget section */

/* Begin PBXProject section */
		DDE94C1D281835DB0008E584 /* Project object */ = {
			isa = PBXProject;
			attributes = {
				BuildIndependentTargetsInParallel = 1;
				LastSwiftUpdateCheck = 1330;
				LastUpgradeCheck = 1330;
				TargetAttributes = {
					DDE94C24281835DB0008E584 = {
						CreatedOnToolsVersion = 13.3.1;
					};
				};
			};
			buildConfigurationList = DDE94C20281835DB0008E584 /* Build configuration list for PBXProject "Project-Share-Point" */;
			compatibilityVersion = "Xcode 13.0";
			developmentRegion = en;
			hasScannedForEncodings = 0;
			knownRegions = (
				en,
				Base,
			);
			mainGroup = DDE94C1C281835DB0008E584;
			packageReferences = (
				DD2A9AC22844C58A008E900C /* XCRemoteSwiftPackageReference "Alamofire" */,
			);
			productRefGroup = DDE94C26281835DB0008E584 /* Products */;
			projectDirPath = "";
			projectRoot = "";
			targets = (
				DDE94C24281835DB0008E584 /* Project-Share-Point */,
			);
		};
/* End PBXProject section */

/* Begin PBXResourcesBuildPhase section */
		DDE94C23281835DB0008E584 /* Resources */ = {
			isa = PBXResourcesBuildPhase;
			buildActionMask = 2147483647;
			files = (
				DDE94C35281835DF0008E584 /* LaunchScreen.storyboard in Resources */,
				DDE7608528450C91008EDF0A /* Assets.xcassets in Resources */,
				DDE94C30281835DB0008E584 /* Main.storyboard in Resources */,
			);
			runOnlyForDeploymentPostprocessing = 0;
		};
/* End PBXResourcesBuildPhase section */

/* Begin PBXSourcesBuildPhase section */
		DDE94C21281835DB0008E584 /* Sources */ = {
			isa = PBXSourcesBuildPhase;
			buildActionMask = 2147483647;
			files = (
				DDE760832844EF31008EDF0A /* ProjectModel.swift in Sources */,
				DDE94C2D281835DB0008E584 /* ViewController.swift in Sources */,
				DDE94C29281835DB0008E584 /* AppDelegate.swift in Sources */,
				DD2A9AC12844C4B1008E900C /* APIManager.swift in Sources */,
				DDDFD32828301CFF0019B142 /* Utilities.swift in Sources */,
				DDB3C322284420D3002341DF /* Constant.swift in Sources */,
				DDE760812844EE89008EDF0A /* ServerModel.swift in Sources */,
				DDBCB8DF282FEC7C00943269 /* SignUpViewController.swift in Sources */,
				DDBCB8E1282FEC9100943269 /* LoginViewController.swift in Sources */,
				DDE94C2B281835DB0008E584 /* SceneDelegate.swift in Sources */,
				DDBCB8E3282FECBD00943269 /* HomeViewController.swift in Sources */,
				DDB3C32528442214002341DF /* RegisterModel.swift in Sources */,
			);
			runOnlyForDeploymentPostprocessing = 0;
		};
/* End PBXSourcesBuildPhase section */

/* Begin PBXVariantGroup section */
		DDE94C2E281835DB0008E584 /* Main.storyboard */ = {
			isa = PBXVariantGroup;
			children = (
				DDE94C2F281835DB0008E584 /* Base */,
			);
			name = Main.storyboard;
			sourceTree = "<group>";
		};
		DDE94C33281835DF0008E584 /* LaunchScreen.storyboard */ = {
			isa = PBXVariantGroup;
			children = (
				DDE94C34281835DF0008E584 /* Base */,
			);
			name = LaunchScreen.storyboard;
			sourceTree = "<group>";
		};
/* End PBXVariantGroup section */

/* Begin XCBuildConfiguration section */
		DDE94C37281835DF0008E584 /* Debug */ = {
			isa = XCBuildConfiguration;
			buildSettings = {
				ALWAYS_SEARCH_USER_PATHS = NO;
				CLANG_ANALYZER_NONNULL = YES;
				CLANG_ANALYZER_NUMBER_OBJECT_CONVERSION = YES_AGGRESSIVE;
				CLANG_CXX_LANGUAGE_STANDARD = "gnu++17";
				CLANG_ENABLE_MODULES = YES;
				CLANG_ENABLE_OBJC_ARC = YES;
				CLANG_ENABLE_OBJC_WEAK = YES;
				CLANG_WARN_BLOCK_CAPTURE_AUTORELEASING = YES;
				CLANG_WARN_BOOL_CONVERSION = YES;
				CLANG_WARN_COMMA = YES;
				CLANG_WARN_CONSTANT_CONVERSION = YES;
				CLANG_WARN_DEPRECATED_OBJC_IMPLEMENTATIONS = YES;
				CLANG_WARN_DIRECT_OBJC_ISA_USAGE = YES_ERROR;
				CLANG_WARN_DOCUMENTATION_COMMENTS = YES;
				CLANG_WARN_EMPTY_BODY = YES;
				CLANG_WARN_ENUM_CONVERSION = YES;
				CLANG_WARN_INFINITE_RECURSION = YES;
				CLANG_WARN_INT_CONVERSION = YES;
				CLANG_WARN_NON_LITERAL_NULL_CONVERSION = YES;
				CLANG_WARN_OBJC_IMPLICIT_RETAIN_SELF = YES;
				CLANG_WARN_OBJC_LITERAL_CONVERSION = YES;
				CLANG_WARN_OBJC_ROOT_CLASS = YES_ERROR;
				CLANG_WARN_QUOTED_INCLUDE_IN_FRAMEWORK_HEADER = YES;
				CLANG_WARN_RANGE_LOOP_ANALYSIS = YES;
				CLANG_WARN_STRICT_PROTOTYPES = YES;
				CLANG_WARN_SUSPICIOUS_MOVE = YES;
				CLANG_WARN_UNGUARDED_AVAILABILITY = YES_AGGRESSIVE;
				CLANG_WARN_UNREACHABLE_CODE = YES;
				CLANG_WARN__DUPLICATE_METHOD_MATCH = YES;
				COPY_PHASE_STRIP = NO;
				DEBUG_INFORMATION_FORMAT = dwarf;
				ENABLE_STRICT_OBJC_MSGSEND = YES;
				ENABLE_TESTABILITY = YES;
				GCC_C_LANGUAGE_STANDARD = gnu11;
				GCC_DYNAMIC_NO_PIC = NO;
				GCC_NO_COMMON_BLOCKS = YES;
				GCC_OPTIMIZATION_LEVEL = 0;
				GCC_PREPROCESSOR_DEFINITIONS = (
					"DEBUG=1",
					"$(inherited)",
				);
				GCC_WARN_64_TO_32_BIT_CONVERSION = YES;
				GCC_WARN_ABOUT_RETURN_TYPE = YES_ERROR;
				GCC_WARN_UNDECLARED_SELECTOR = YES;
				GCC_WARN_UNINITIALIZED_AUTOS = YES_AGGRESSIVE;
				GCC_WARN_UNUSED_FUNCTION = YES;
				GCC_WARN_UNUSED_VARIABLE = YES;
				IPHONEOS_DEPLOYMENT_TARGET = 15.4;
				MTL_ENABLE_DEBUG_INFO = INCLUDE_SOURCE;
				MTL_FAST_MATH = YES;
				ONLY_ACTIVE_ARCH = YES;
				SDKROOT = iphoneos;
				SWIFT_ACTIVE_COMPILATION_CONDITIONS = DEBUG;
				SWIFT_OPTIMIZATION_LEVEL = "-Onone";
			};
			name = Debug;
		};
		DDE94C38281835DF0008E584 /* Release */ = {
			isa = XCBuildConfiguration;
			buildSettings = {
				ALWAYS_SEARCH_USER_PATHS = NO;
				CLANG_ANALYZER_NONNULL = YES;
				CLANG_ANALYZER_NUMBER_OBJECT_CONVERSION = YES_AGGRESSIVE;
				CLANG_CXX_LANGUAGE_STANDARD = "gnu++17";
				CLANG_ENABLE_MODULES = YES;
				CLANG_ENABLE_OBJC_ARC = YES;
				CLANG_ENABLE_OBJC_WEAK = YES;
				CLANG_WARN_BLOCK_CAPTURE_AUTORELEASING = YES;
				CLANG_WARN_BOOL_CONVERSION = YES;
				CLANG_WARN_COMMA = YES;
				CLANG_WARN_CONSTANT_CONVERSION = YES;
				CLANG_WARN_DEPRECATED_OBJC_IMPLEMENTATIONS = YES;
				CLANG_WARN_DIRECT_OBJC_ISA_USAGE = YES_ERROR;
				CLANG_WARN_DOCUMENTATION_COMMENTS = YES;
				CLANG_WARN_EMPTY_BODY = YES;
				CLANG_WARN_ENUM_CONVERSION = YES;
				CLANG_WARN_INFINITE_RECURSION = YES;
				CLANG_WARN_INT_CONVERSION = YES;
				CLANG_WARN_NON_LITERAL_NULL_CONVERSION = YES;
				CLANG_WARN_OBJC_IMPLICIT_RETAIN_SELF = YES;
				CLANG_WARN_OBJC_LITERAL_CONVERSION = YES;
				CLANG_WARN_OBJC_ROOT_CLASS = YES_ERROR;
				CLANG_WARN_QUOTED_INCLUDE_IN_FRAMEWORK_HEADER = YES;
				CLANG_WARN_RANGE_LOOP_ANALYSIS = YES;
				CLANG_WARN_STRICT_PROTOTYPES = YES;
				CLANG_WARN_SUSPICIOUS_MOVE = YES;
				CLANG_WARN_UNGUARDED_AVAILABILITY = YES_AGGRESSIVE;
				CLANG_WARN_UNREACHABLE_CODE = YES;
				CLANG_WARN__DUPLICATE_METHOD_MATCH = YES;
				COPY_PHASE_STRIP = NO;
				DEBUG_INFORMATION_FORMAT = "dwarf-with-dsym";
				ENABLE_NS_ASSERTIONS = NO;
				ENABLE_STRICT_OBJC_MSGSEND = YES;
				GCC_C_LANGUAGE_STANDARD = gnu11;
				GCC_NO_COMMON_BLOCKS = YES;
				GCC_WARN_64_TO_32_BIT_CONVERSION = YES;
				GCC_WARN_ABOUT_RETURN_TYPE = YES_ERROR;
				GCC_WARN_UNDECLARED_SELECTOR = YES;
				GCC_WARN_UNINITIALIZED_AUTOS = YES_AGGRESSIVE;
				GCC_WARN_UNUSED_FUNCTION = YES;
				GCC_WARN_UNUSED_VARIABLE = YES;
				IPHONEOS_DEPLOYMENT_TARGET = 15.4;
				MTL_ENABLE_DEBUG_INFO = NO;
				MTL_FAST_MATH = YES;
				SDKROOT = iphoneos;
				SWIFT_COMPILATION_MODE = wholemodule;
				SWIFT_OPTIMIZATION_LEVEL = "-O";
				VALIDATE_PRODUCT = YES;
			};
			name = Release;
		};
		DDE94C3A281835DF0008E584 /* Debug */ = {
			isa = XCBuildConfiguration;
			buildSettings = {
				ASSETCATALOG_COMPILER_APPICON_NAME = AppIcon;
				ASSETCATALOG_COMPILER_GLOBAL_ACCENT_COLOR_NAME = AccentColor;
				CODE_SIGN_STYLE = Automatic;
				CURRENT_PROJECT_VERSION = 1;
				GENERATE_INFOPLIST_FILE = YES;
				INFOPLIST_FILE = "Project-Share-Point/Info.plist";
				INFOPLIST_KEY_UIApplicationSupportsIndirectInputEvents = YES;
				INFOPLIST_KEY_UILaunchStoryboardName = LaunchScreen;
				INFOPLIST_KEY_UIMainStoryboardFile = Main;
				INFOPLIST_KEY_UISupportedInterfaceOrientations_iPad = "UIInterfaceOrientationPortrait UIInterfaceOrientationPortraitUpsideDown UIInterfaceOrientationLandscapeLeft UIInterfaceOrientationLandscapeRight";
				INFOPLIST_KEY_UISupportedInterfaceOrientations_iPhone = "UIInterfaceOrientationPortrait UIInterfaceOrientationLandscapeLeft UIInterfaceOrientationLandscapeRight";
				LD_RUNPATH_SEARCH_PATHS = (
					"$(inherited)",
					"@executable_path/Frameworks",
				);
				MARKETING_VERSION = 1.0;
				PRODUCT_BUNDLE_IDENTIFIER = "com.vesilecelik.Project-Share-Point";
				PRODUCT_NAME = "$(TARGET_NAME)";
				SWIFT_EMIT_LOC_STRINGS = YES;
				SWIFT_VERSION = 5.0;
				TARGETED_DEVICE_FAMILY = "1,2";
			};
			name = Debug;
		};
		DDE94C3B281835DF0008E584 /* Release */ = {
			isa = XCBuildConfiguration;
			buildSettings = {
				ASSETCATALOG_COMPILER_APPICON_NAME = AppIcon;
				ASSETCATALOG_COMPILER_GLOBAL_ACCENT_COLOR_NAME = AccentColor;
				CODE_SIGN_STYLE = Automatic;
				CURRENT_PROJECT_VERSION = 1;
				GENERATE_INFOPLIST_FILE = YES;
				INFOPLIST_FILE = "Project-Share-Point/Info.plist";
				INFOPLIST_KEY_UIApplicationSupportsIndirectInputEvents = YES;
				INFOPLIST_KEY_UILaunchStoryboardName = LaunchScreen;
				INFOPLIST_KEY_UIMainStoryboardFile = Main;
				INFOPLIST_KEY_UISupportedInterfaceOrientations_iPad = "UIInterfaceOrientationPortrait UIInterfaceOrientationPortraitUpsideDown UIInterfaceOrientationLandscapeLeft UIInterfaceOrientationLandscapeRight";
				INFOPLIST_KEY_UISupportedInterfaceOrientations_iPhone = "UIInterfaceOrientationPortrait UIInterfaceOrientationLandscapeLeft UIInterfaceOrientationLandscapeRight";
				LD_RUNPATH_SEARCH_PATHS = (
					"$(inherited)",
					"@executable_path/Frameworks",
				);
				MARKETING_VERSION = 1.0;
				PRODUCT_BUNDLE_IDENTIFIER = "com.vesilecelik.Project-Share-Point";
				PRODUCT_NAME = "$(TARGET_NAME)";
				SWIFT_EMIT_LOC_STRINGS = YES;
				SWIFT_VERSION = 5.0;
				TARGETED_DEVICE_FAMILY = "1,2";
			};
			name = Release;
		};
/* End XCBuildConfiguration section */

/* Begin XCConfigurationList section */
		DDE94C20281835DB0008E584 /* Build configuration list for PBXProject "Project-Share-Point" */ = {
			isa = XCConfigurationList;
			buildConfigurations = (
				DDE94C37281835DF0008E584 /* Debug */,
				DDE94C38281835DF0008E584 /* Release */,
			);
			defaultConfigurationIsVisible = 0;
			defaultConfigurationName = Release;
		};
		DDE94C39281835DF0008E584 /* Build configuration list for PBXNativeTarget "Project-Share-Point" */ = {
			isa = XCConfigurationList;
			buildConfigurations = (
				DDE94C3A281835DF0008E584 /* Debug */,
				DDE94C3B281835DF0008E584 /* Release */,
			);
			defaultConfigurationIsVisible = 0;
			defaultConfigurationName = Release;
		};
/* End XCConfigurationList section */

/* Begin XCRemoteSwiftPackageReference section */
		DD2A9AC22844C58A008E900C /* XCRemoteSwiftPackageReference "Alamofire" */ = {
			isa = XCRemoteSwiftPackageReference;
			repositoryURL = "https://github.com/Alamofire/Alamofire.git";
			requirement = {
				kind = upToNextMajorVersion;
				minimumVersion = 5.0.0;
			};
		};
/* End XCRemoteSwiftPackageReference section */

/* Begin XCSwiftPackageProductDependency section */
		DD2A9AC32844C58A008E900C /* Alamofire */ = {
			isa = XCSwiftPackageProductDependency;
			package = DD2A9AC22844C58A008E900C /* XCRemoteSwiftPackageReference "Alamofire" */;
			productName = Alamofire;
		};
/* End XCSwiftPackageProductDependency section */
	};
	rootObject = DDE94C1D281835DB0008E584 /* Project object */;
}
